// !$*UTF8*$!
{
	archiveVersion = 1;
	classes = {
	};
	objectVersion = 52;
	objects = {

/* Begin PBXBuildFile section */
		F089D6D72704598D00EA04DA /* CustomPlayerControlView.swift in Sources */ = {isa = PBXBuildFile; fileRef = F089D6D62704598D00EA04DA /* CustomPlayerControlView.swift */; };
		F089D6D9270459DF00EA04DA /* CustomPlayerSeekBarView.swift in Sources */ = {isa = PBXBuildFile; fileRef = F089D6D8270459DF00EA04DA /* CustomPlayerSeekBarView.swift */; };
		F089D6DB27045B5300EA04DA /* UIControl+Combine.swift in Sources */ = {isa = PBXBuildFile; fileRef = F089D6DA27045B5300EA04DA /* UIControl+Combine.swift */; };
		F089D6DD27045B8700EA04DA /* NSAttributedString+Extensions.swift in Sources */ = {isa = PBXBuildFile; fileRef = F089D6DC27045B8700EA04DA /* NSAttributedString+Extensions.swift */; };
		F098BABC2702C9D10051A5FB /* AppDelegate.swift in Sources */ = {isa = PBXBuildFile; fileRef = F098BABB2702C9D10051A5FB /* AppDelegate.swift */; };
		F098BABE2702C9D10051A5FB /* SceneDelegate.swift in Sources */ = {isa = PBXBuildFile; fileRef = F098BABD2702C9D10051A5FB /* SceneDelegate.swift */; };
		F098BAC02702C9D10051A5FB /* ViewController.swift in Sources */ = {isa = PBXBuildFile; fileRef = F098BABF2702C9D10051A5FB /* ViewController.swift */; };
		F098BAC32702C9D10051A5FB /* Main.storyboard in Resources */ = {isa = PBXBuildFile; fileRef = F098BAC12702C9D10051A5FB /* Main.storyboard */; };
		F098BAC52702C9D50051A5FB /* Assets.xcassets in Resources */ = {isa = PBXBuildFile; fileRef = F098BAC42702C9D50051A5FB /* Assets.xcassets */; };
		F098BAC82702C9D50051A5FB /* LaunchScreen.storyboard in Resources */ = {isa = PBXBuildFile; fileRef = F098BAC62702C9D50051A5FB /* LaunchScreen.storyboard */; };
		F098BAD12702CB530051A5FB /* ComposableArchitecture in Frameworks */ = {isa = PBXBuildFile; productRef = F098BAD02702CB530051A5FB /* ComposableArchitecture */; };
		F098BAD42702CF480051A5FB /* AppReducer.swift in Sources */ = {isa = PBXBuildFile; fileRef = F098BAD32702CF480051A5FB /* AppReducer.swift */; };
		F098BAD72702D67D0051A5FB /* SuperPlayer in Frameworks */ = {isa = PBXBuildFile; productRef = F098BAD62702D67D0051A5FB /* SuperPlayer */; };
		F098BAF4270366710051A5FB /* Debounce.swift in Sources */ = {isa = PBXBuildFile; fileRef = F098BAF3270366710051A5FB /* Debounce.swift */; };
/* End PBXBuildFile section */

/* Begin PBXFileReference section */
		F089D6D62704598D00EA04DA /* CustomPlayerControlView.swift */ = {isa = PBXFileReference; lastKnownFileType = sourcecode.swift; path = CustomPlayerControlView.swift; sourceTree = "<group>"; };
		F089D6D8270459DF00EA04DA /* CustomPlayerSeekBarView.swift */ = {isa = PBXFileReference; lastKnownFileType = sourcecode.swift; path = CustomPlayerSeekBarView.swift; sourceTree = "<group>"; };
		F089D6DA27045B5300EA04DA /* UIControl+Combine.swift */ = {isa = PBXFileReference; lastKnownFileType = sourcecode.swift; path = "UIControl+Combine.swift"; sourceTree = "<group>"; };
		F089D6DC27045B8700EA04DA /* NSAttributedString+Extensions.swift */ = {isa = PBXFileReference; lastKnownFileType = sourcecode.swift; path = "NSAttributedString+Extensions.swift"; sourceTree = "<group>"; };
		F098BAB82702C9D10051A5FB /* bcTV.app */ = {isa = PBXFileReference; explicitFileType = wrapper.application; includeInIndex = 0; path = bcTV.app; sourceTree = BUILT_PRODUCTS_DIR; };
		F098BABB2702C9D10051A5FB /* AppDelegate.swift */ = {isa = PBXFileReference; lastKnownFileType = sourcecode.swift; path = AppDelegate.swift; sourceTree = "<group>"; };
		F098BABD2702C9D10051A5FB /* SceneDelegate.swift */ = {isa = PBXFileReference; lastKnownFileType = sourcecode.swift; path = SceneDelegate.swift; sourceTree = "<group>"; };
		F098BABF2702C9D10051A5FB /* ViewController.swift */ = {isa = PBXFileReference; lastKnownFileType = sourcecode.swift; path = ViewController.swift; sourceTree = "<group>"; };
		F098BAC22702C9D10051A5FB /* Base */ = {isa = PBXFileReference; lastKnownFileType = file.storyboard; name = Base; path = Base.lproj/Main.storyboard; sourceTree = "<group>"; };
		F098BAC42702C9D50051A5FB /* Assets.xcassets */ = {isa = PBXFileReference; lastKnownFileType = folder.assetcatalog; path = Assets.xcassets; sourceTree = "<group>"; };
		F098BAC72702C9D50051A5FB /* Base */ = {isa = PBXFileReference; lastKnownFileType = file.storyboard; name = Base; path = Base.lproj/LaunchScreen.storyboard; sourceTree = "<group>"; };
		F098BAC92702C9D50051A5FB /* Info.plist */ = {isa = PBXFileReference; lastKnownFileType = text.plist.xml; path = Info.plist; sourceTree = "<group>"; };
		F098BAD32702CF480051A5FB /* AppReducer.swift */ = {isa = PBXFileReference; lastKnownFileType = sourcecode.swift; path = AppReducer.swift; sourceTree = "<group>"; };
		F098BAF3270366710051A5FB /* Debounce.swift */ = {isa = PBXFileReference; lastKnownFileType = sourcecode.swift; path = Debounce.swift; sourceTree = "<group>"; };
/* End PBXFileReference section */

/* Begin PBXFrameworksBuildPhase section */
		F098BAB52702C9D10051A5FB /* Frameworks */ = {
			isa = PBXFrameworksBuildPhase;
			buildActionMask = 2147483647;
			files = (
				F098BAD12702CB530051A5FB /* ComposableArchitecture in Frameworks */,
				F098BAD72702D67D0051A5FB /* SuperPlayer in Frameworks */,
			);
			runOnlyForDeploymentPostprocessing = 0;
		};
/* End PBXFrameworksBuildPhase section */

/* Begin PBXGroup section */
		F089D6D52704597000EA04DA /* Custom */ = {
			isa = PBXGroup;
			children = (
				F089D6D62704598D00EA04DA /* CustomPlayerControlView.swift */,
				F089D6D8270459DF00EA04DA /* CustomPlayerSeekBarView.swift */,
			);
			path = Custom;
			sourceTree = "<group>";
		};
		F098BAAF2702C9D10051A5FB = {
			isa = PBXGroup;
			children = (
				F098BABA2702C9D10051A5FB /* bcTV */,
				F098BAB92702C9D10051A5FB /* Products */,
			);
			sourceTree = "<group>";
		};
		F098BAB92702C9D10051A5FB /* Products */ = {
			isa = PBXGroup;
			children = (
				F098BAB82702C9D10051A5FB /* bcTV.app */,
			);
			name = Products;
			sourceTree = "<group>";
		};
		F098BABA2702C9D10051A5FB /* bcTV */ = {
			isa = PBXGroup;
			children = (
				F089D6D52704597000EA04DA /* Custom */,
				F098BADC270313610051A5FB /* Helper */,
				F098BAD22702CF320051A5FB /* StateManagement */,
				F098BABF2702C9D10051A5FB /* ViewController.swift */,
				F098BABB2702C9D10051A5FB /* AppDelegate.swift */,
				F098BABD2702C9D10051A5FB /* SceneDelegate.swift */,
				F098BAC12702C9D10051A5FB /* Main.storyboard */,
				F098BAC42702C9D50051A5FB /* Assets.xcassets */,
				F098BAC62702C9D50051A5FB /* LaunchScreen.storyboard */,
				F098BAC92702C9D50051A5FB /* Info.plist */,
			);
			path = bcTV;
			sourceTree = "<group>";
		};
		F098BAD22702CF320051A5FB /* StateManagement */ = {
			isa = PBXGroup;
			children = (
				F098BAD32702CF480051A5FB /* AppReducer.swift */,
			);
			path = StateManagement;
			sourceTree = "<group>";
		};
		F098BADC270313610051A5FB /* Helper */ = {
			isa = PBXGroup;
			children = (
				F098BAF3270366710051A5FB /* Debounce.swift */,
				F089D6DA27045B5300EA04DA /* UIControl+Combine.swift */,
				F089D6DC27045B8700EA04DA /* NSAttributedString+Extensions.swift */,
			);
			path = Helper;
			sourceTree = "<group>";
		};
/* End PBXGroup section */

/* Begin PBXNativeTarget section */
		F098BAB72702C9D10051A5FB /* bcTV */ = {
			isa = PBXNativeTarget;
			buildConfigurationList = F098BACC2702C9D50051A5FB /* Build configuration list for PBXNativeTarget "bcTV" */;
			buildPhases = (
				F098BAB42702C9D10051A5FB /* Sources */,
				F098BAB52702C9D10051A5FB /* Frameworks */,
				F098BAB62702C9D10051A5FB /* Resources */,
			);
			buildRules = (
			);
			dependencies = (
			);
			name = bcTV;
			packageProductDependencies = (
				F098BAD02702CB530051A5FB /* ComposableArchitecture */,
				F098BAD62702D67D0051A5FB /* SuperPlayer */,
			);
			productName = bcTV;
			productReference = F098BAB82702C9D10051A5FB /* bcTV.app */;
			productType = "com.apple.product-type.application";
		};
/* End PBXNativeTarget section */

/* Begin PBXProject section */
		F098BAB02702C9D10051A5FB /* Project object */ = {
			isa = PBXProject;
			attributes = {
				LastSwiftUpdateCheck = 1250;
				LastUpgradeCheck = 1250;
				TargetAttributes = {
					F098BAB72702C9D10051A5FB = {
						CreatedOnToolsVersion = 12.5.1;
					};
				};
			};
			buildConfigurationList = F098BAB32702C9D10051A5FB /* Build configuration list for PBXProject "bcTV" */;
			compatibilityVersion = "Xcode 9.3";
			developmentRegion = en;
			hasScannedForEncodings = 0;
			knownRegions = (
				en,
				Base,
			);
			mainGroup = F098BAAF2702C9D10051A5FB;
			packageReferences = (
				F098BACF2702CB530051A5FB /* XCRemoteSwiftPackageReference "swift-composable-architecture" */,
				F098BAD52702D67D0051A5FB /* XCRemoteSwiftPackageReference "ios-superplayer" */,
			);
			productRefGroup = F098BAB92702C9D10051A5FB /* Products */;
			projectDirPath = "";
			projectRoot = "";
			targets = (
				F098BAB72702C9D10051A5FB /* bcTV */,
			);
		};
/* End PBXProject section */

/* Begin PBXResourcesBuildPhase section */
		F098BAB62702C9D10051A5FB /* Resources */ = {
			isa = PBXResourcesBuildPhase;
			buildActionMask = 2147483647;
			files = (
				F098BAC82702C9D50051A5FB /* LaunchScreen.storyboard in Resources */,
				F098BAC52702C9D50051A5FB /* Assets.xcassets in Resources */,
				F098BAC32702C9D10051A5FB /* Main.storyboard in Resources */,
			);
			runOnlyForDeploymentPostprocessing = 0;
		};
/* End PBXResourcesBuildPhase section */

/* Begin PBXSourcesBuildPhase section */
		F098BAB42702C9D10051A5FB /* Sources */ = {
			isa = PBXSourcesBuildPhase;
			buildActionMask = 2147483647;
			files = (
				F098BAF4270366710051A5FB /* Debounce.swift in Sources */,
				F089D6DB27045B5300EA04DA /* UIControl+Combine.swift in Sources */,
				F098BAC02702C9D10051A5FB /* ViewController.swift in Sources */,
				F089D6D72704598D00EA04DA /* CustomPlayerControlView.swift in Sources */,
				F089D6DD27045B8700EA04DA /* NSAttributedString+Extensions.swift in Sources */,
				F098BAD42702CF480051A5FB /* AppReducer.swift in Sources */,
				F098BABC2702C9D10051A5FB /* AppDelegate.swift in Sources */,
				F098BABE2702C9D10051A5FB /* SceneDelegate.swift in Sources */,
				F089D6D9270459DF00EA04DA /* CustomPlayerSeekBarView.swift in Sources */,
			);
			runOnlyForDeploymentPostprocessing = 0;
		};
/* End PBXSourcesBuildPhase section */

/* Begin PBXVariantGroup section */
		F098BAC12702C9D10051A5FB /* Main.storyboard */ = {
			isa = PBXVariantGroup;
			children = (
				F098BAC22702C9D10051A5FB /* Base */,
			);
			name = Main.storyboard;
			sourceTree = "<group>";
		};
		F098BAC62702C9D50051A5FB /* LaunchScreen.storyboard */ = {
			isa = PBXVariantGroup;
			children = (
				F098BAC72702C9D50051A5FB /* Base */,
			);
			name = LaunchScreen.storyboard;
			sourceTree = "<group>";
		};
/* End PBXVariantGroup section */

/* Begin XCBuildConfiguration section */
		F098BACA2702C9D50051A5FB /* Debug */ = {
			isa = XCBuildConfiguration;
			buildSettings = {
				ALWAYS_SEARCH_USER_PATHS = NO;
				CLANG_ANALYZER_NONNULL = YES;
				CLANG_ANALYZER_NUMBER_OBJECT_CONVERSION = YES_AGGRESSIVE;
				CLANG_CXX_LANGUAGE_STANDARD = "gnu++14";
				CLANG_CXX_LIBRARY = "libc++";
				CLANG_ENABLE_MODULES = YES;
				CLANG_ENABLE_OBJC_ARC = YES;
				CLANG_ENABLE_OBJC_WEAK = YES;
				CLANG_WARN_BLOCK_CAPTURE_AUTORELEASING = YES;
				CLANG_WARN_BOOL_CONVERSION = YES;
				CLANG_WARN_COMMA = YES;
				CLANG_WARN_CONSTANT_CONVERSION = YES;
				CLANG_WARN_DEPRECATED_OBJC_IMPLEMENTATIONS = YES;
				CLANG_WARN_DIRECT_OBJC_ISA_USAGE = YES_ERROR;
				CLANG_WARN_DOCUMENTATION_COMMENTS = YES;
				CLANG_WARN_EMPTY_BODY = YES;
				CLANG_WARN_ENUM_CONVERSION = YES;
				CLANG_WARN_INFINITE_RECURSION = YES;
				CLANG_WARN_INT_CONVERSION = YES;
				CLANG_WARN_NON_LITERAL_NULL_CONVERSION = YES;
				CLANG_WARN_OBJC_IMPLICIT_RETAIN_SELF = YES;
				CLANG_WARN_OBJC_LITERAL_CONVERSION = YES;
				CLANG_WARN_OBJC_ROOT_CLASS = YES_ERROR;
				CLANG_WARN_QUOTED_INCLUDE_IN_FRAMEWORK_HEADER = YES;
				CLANG_WARN_RANGE_LOOP_ANALYSIS = YES;
				CLANG_WARN_STRICT_PROTOTYPES = YES;
				CLANG_WARN_SUSPICIOUS_MOVE = YES;
				CLANG_WARN_UNGUARDED_AVAILABILITY = YES_AGGRESSIVE;
				CLANG_WARN_UNREACHABLE_CODE = YES;
				CLANG_WARN__DUPLICATE_METHOD_MATCH = YES;
				COPY_PHASE_STRIP = NO;
				DEBUG_INFORMATION_FORMAT = dwarf;
				ENABLE_STRICT_OBJC_MSGSEND = YES;
				ENABLE_TESTABILITY = YES;
				GCC_C_LANGUAGE_STANDARD = gnu11;
				GCC_DYNAMIC_NO_PIC = NO;
				GCC_NO_COMMON_BLOCKS = YES;
				GCC_OPTIMIZATION_LEVEL = 0;
				GCC_PREPROCESSOR_DEFINITIONS = (
					"DEBUG=1",
					"$(inherited)",
				);
				GCC_WARN_64_TO_32_BIT_CONVERSION = YES;
				GCC_WARN_ABOUT_RETURN_TYPE = YES_ERROR;
				GCC_WARN_UNDECLARED_SELECTOR = YES;
				GCC_WARN_UNINITIALIZED_AUTOS = YES_AGGRESSIVE;
				GCC_WARN_UNUSED_FUNCTION = YES;
				GCC_WARN_UNUSED_VARIABLE = YES;
				IPHONEOS_DEPLOYMENT_TARGET = 14.5;
				MTL_ENABLE_DEBUG_INFO = INCLUDE_SOURCE;
				MTL_FAST_MATH = YES;
				ONLY_ACTIVE_ARCH = YES;
				SDKROOT = iphoneos;
				SWIFT_ACTIVE_COMPILATION_CONDITIONS = DEBUG;
				SWIFT_OPTIMIZATION_LEVEL = "-Onone";
			};
			name = Debug;
		};
		F098BACB2702C9D50051A5FB /* Release */ = {
			isa = XCBuildConfiguration;
			buildSettings = {
				ALWAYS_SEARCH_USER_PATHS = NO;
				CLANG_ANALYZER_NONNULL = YES;
				CLANG_ANALYZER_NUMBER_OBJECT_CONVERSION = YES_AGGRESSIVE;
				CLANG_CXX_LANGUAGE_STANDARD = "gnu++14";
				CLANG_CXX_LIBRARY = "libc++";
				CLANG_ENABLE_MODULES = YES;
				CLANG_ENABLE_OBJC_ARC = YES;
				CLANG_ENABLE_OBJC_WEAK = YES;
				CLANG_WARN_BLOCK_CAPTURE_AUTORELEASING = YES;
				CLANG_WARN_BOOL_CONVERSION = YES;
				CLANG_WARN_COMMA = YES;
				CLANG_WARN_CONSTANT_CONVERSION = YES;
				CLANG_WARN_DEPRECATED_OBJC_IMPLEMENTATIONS = YES;
				CLANG_WARN_DIRECT_OBJC_ISA_USAGE = YES_ERROR;
				CLANG_WARN_DOCUMENTATION_COMMENTS = YES;
				CLANG_WARN_EMPTY_BODY = YES;
				CLANG_WARN_ENUM_CONVERSION = YES;
				CLANG_WARN_INFINITE_RECURSION = YES;
				CLANG_WARN_INT_CONVERSION = YES;
				CLANG_WARN_NON_LITERAL_NULL_CONVERSION = YES;
				CLANG_WARN_OBJC_IMPLICIT_RETAIN_SELF = YES;
				CLANG_WARN_OBJC_LITERAL_CONVERSION = YES;
				CLANG_WARN_OBJC_ROOT_CLASS = YES_ERROR;
				CLANG_WARN_QUOTED_INCLUDE_IN_FRAMEWORK_HEADER = YES;
				CLANG_WARN_RANGE_LOOP_ANALYSIS = YES;
				CLANG_WARN_STRICT_PROTOTYPES = YES;
				CLANG_WARN_SUSPICIOUS_MOVE = YES;
				CLANG_WARN_UNGUARDED_AVAILABILITY = YES_AGGRESSIVE;
				CLANG_WARN_UNREACHABLE_CODE = YES;
				CLANG_WARN__DUPLICATE_METHOD_MATCH = YES;
				COPY_PHASE_STRIP = NO;
				DEBUG_INFORMATION_FORMAT = "dwarf-with-dsym";
				ENABLE_NS_ASSERTIONS = NO;
				ENABLE_STRICT_OBJC_MSGSEND = YES;
				GCC_C_LANGUAGE_STANDARD = gnu11;
				GCC_NO_COMMON_BLOCKS = YES;
				GCC_WARN_64_TO_32_BIT_CONVERSION = YES;
				GCC_WARN_ABOUT_RETURN_TYPE = YES_ERROR;
				GCC_WARN_UNDECLARED_SELECTOR = YES;
				GCC_WARN_UNINITIALIZED_AUTOS = YES_AGGRESSIVE;
				GCC_WARN_UNUSED_FUNCTION = YES;
				GCC_WARN_UNUSED_VARIABLE = YES;
				IPHONEOS_DEPLOYMENT_TARGET = 14.5;
				MTL_ENABLE_DEBUG_INFO = NO;
				MTL_FAST_MATH = YES;
				SDKROOT = iphoneos;
				SWIFT_COMPILATION_MODE = wholemodule;
				SWIFT_OPTIMIZATION_LEVEL = "-O";
				VALIDATE_PRODUCT = YES;
			};
			name = Release;
		};
		F098BACD2702C9D50051A5FB /* Debug */ = {
			isa = XCBuildConfiguration;
			buildSettings = {
				ASSETCATALOG_COMPILER_APPICON_NAME = AppIcon;
				ASSETCATALOG_COMPILER_GLOBAL_ACCENT_COLOR_NAME = AccentColor;
				CODE_SIGN_STYLE = Automatic;
				INFOPLIST_FILE = bcTV/Info.plist;
				IPHONEOS_DEPLOYMENT_TARGET = 13.0;
				LD_RUNPATH_SEARCH_PATHS = (
					"$(inherited)",
					"@executable_path/Frameworks",
				);
				PRODUCT_BUNDLE_IDENTIFIER = com.alvinmatthew.bcTV;
				PRODUCT_NAME = "$(TARGET_NAME)";
				SWIFT_VERSION = 5.0;
				TARGETED_DEVICE_FAMILY = 1;
			};
			name = Debug;
		};
		F098BACE2702C9D50051A5FB /* Release */ = {
			isa = XCBuildConfiguration;
			buildSettings = {
				ASSETCATALOG_COMPILER_APPICON_NAME = AppIcon;
				ASSETCATALOG_COMPILER_GLOBAL_ACCENT_COLOR_NAME = AccentColor;
				CODE_SIGN_STYLE = Automatic;
				INFOPLIST_FILE = bcTV/Info.plist;
				IPHONEOS_DEPLOYMENT_TARGET = 13.0;
				LD_RUNPATH_SEARCH_PATHS = (
					"$(inherited)",
					"@executable_path/Frameworks",
				);
				PRODUCT_BUNDLE_IDENTIFIER = com.alvinmatthew.bcTV;
				PRODUCT_NAME = "$(TARGET_NAME)";
				SWIFT_VERSION = 5.0;
				TARGETED_DEVICE_FAMILY = 1;
			};
			name = Release;
		};
/* End XCBuildConfiguration section */

/* Begin XCConfigurationList section */
		F098BAB32702C9D10051A5FB /* Build configuration list for PBXProject "bcTV" */ = {
			isa = XCConfigurationList;
			buildConfigurations = (
				F098BACA2702C9D50051A5FB /* Debug */,
				F098BACB2702C9D50051A5FB /* Release */,
			);
			defaultConfigurationIsVisible = 0;
			defaultConfigurationName = Release;
		};
		F098BACC2702C9D50051A5FB /* Build configuration list for PBXNativeTarget "bcTV" */ = {
			isa = XCConfigurationList;
			buildConfigurations = (
				F098BACD2702C9D50051A5FB /* Debug */,
				F098BACE2702C9D50051A5FB /* Release */,
			);
			defaultConfigurationIsVisible = 0;
			defaultConfigurationName = Release;
		};
/* End XCConfigurationList section */

/* Begin XCRemoteSwiftPackageReference section */
		F098BACF2702CB530051A5FB /* XCRemoteSwiftPackageReference "swift-composable-architecture" */ = {
			isa = XCRemoteSwiftPackageReference;
			repositoryURL = "https://github.com/pointfreeco/swift-composable-architecture.git";
			requirement = {
				kind = exactVersion;
				version = 0.19.0;
			};
		};
		F098BAD52702D67D0051A5FB /* XCRemoteSwiftPackageReference "ios-superplayer" */ = {
			isa = XCRemoteSwiftPackageReference;
			repositoryURL = "https://github.com/tokopedia/ios-superplayer.git";
			requirement = {
				kind = upToNextMajorVersion;
				minimumVersion = "1.0.0-beta";
			};
		};
/* End XCRemoteSwiftPackageReference section */

/* Begin XCSwiftPackageProductDependency section */
		F098BAD02702CB530051A5FB /* ComposableArchitecture */ = {
			isa = XCSwiftPackageProductDependency;
			package = F098BACF2702CB530051A5FB /* XCRemoteSwiftPackageReference "swift-composable-architecture" */;
			productName = ComposableArchitecture;
		};
		F098BAD62702D67D0051A5FB /* SuperPlayer */ = {
			isa = XCSwiftPackageProductDependency;
			package = F098BAD52702D67D0051A5FB /* XCRemoteSwiftPackageReference "ios-superplayer" */;
			productName = SuperPlayer;
		};
/* End XCSwiftPackageProductDependency section */
	};
	rootObject = F098BAB02702C9D10051A5FB /* Project object */;
}
